
Microsoft Visual Studio Solution File, Format Version 12.00
# Visual Studio 15
Project("{FAE04EC0-301F-11D3-BF4B-00C04F79EFBC}") = "Assembly-CSharp", "Assembly-CSharp.csproj", "{B98DD0F9-4731-4434-AC36-364BF187C05A}"
EndProject
Global
	GlobalSection(SolutionConfigurationPlatforms) = preSolution
		Debug|Any CPU = Debug|Any CPU
		Release|Any CPU = Release|Any CPU
	EndGlobalSection
	GlobalSection(ProjectConfigurationPlatforms) = postSolution
		{B98DD0F9-4731-4434-AC36-364BF187C05A}.Debug|Any CPU.ActiveCfg = Debug|Any CPU
		{B98DD0F9-4731-4434-AC36-364BF187C05A}.Debug|Any CPU.Build.0 = Debug|Any CPU
		{B98DD0F9-4731-4434-AC36-364BF187C05A}.Release|Any CPU.ActiveCfg = Release|Any CPU
		{B98DD0F9-4731-4434-AC36-364BF187C05A}.Release|Any CPU.Build.0 = Release|Any CPU
	EndGlobalSection
	GlobalSection(SolutionProperties) = preSolution
		HideSolutionNode = FALSE
	EndGlobalSection
EndGlobal
